{
  "name": "js",
  "version": "1.0.0",
  "lockfileVersion": 2,
  "requires": true,
  "packages": {
    "": {
      "name": "js",
      "version": "1.0.0",
      "dependencies": {
        "@datastructures-js/binary-search-tree": "^4.3.1",
        "@datastructures-js/priority-queue": "^5.3.0",
        "object-hash": "^2.2.0",
        "process": "^0.11.10"
      }
    },
    "node_modules/@datastructures-js/binary-search-tree": {
      "version": "4.3.1",
      "resolved": "https://registry.npmjs.org/@datastructures-js/binary-search-tree/-/binary-search-tree-4.3.1.tgz",
      "integrity": "sha512-YmxFM5zBz3E9vCnXUidDgOgUaWNqYBqjJp9EkAc3dInpNcq5qutVfJJxI3P4RDUl9DV6wzADN7shqIA1YQI93g=="
    },
    "node_modules/@datastructures-js/heap": {
      "version": "3.2.0",
      "resolved": "https://registry.npmjs.org/@datastructures-js/heap/-/heap-3.2.0.tgz",
      "integrity": "sha512-FcU5ZAyb+VIOZz1HABsJUsbJi2ZyUDO7aoe97hq4d3tK3z8nMgwdxf5bO0gafR0ExFi18YTspntqHLzt4XOgnA=="
    },
    "node_modules/@datastructures-js/priority-queue": {
      "version": "5.3.0",
      "resolved": "https://registry.npmjs.org/@datastructures-js/priority-queue/-/priority-queue-5.3.0.tgz",
      "integrity": "sha512-0Dl0UooE9Uzz85qBP46HTjQHS5GN7NMNluN5/nMfxQAndG/1eNBJpBntLGT5QJarvMO3poLNBJzA3S4GPajp+w==",
      "dependencies": {
        "@datastructures-js/heap": "^3.2.0"
      }
    },
    "node_modules/object-hash": {
      "version": "2.2.0",
      "resolved": "https://registry.npmjs.org/object-hash/-/object-hash-2.2.0.tgz",
      "integrity": "sha512-gScRMn0bS5fH+IuwyIFgnh9zBdo4DV+6GhygmWM9HyNJSgS0hScp1f5vjtm7oIIOiT9trXrShAkLFSc2IqKNgw==",
      "engines": {
        "node": ">= 6"
      }
    },
    "node_modules/process": {
      "version": "0.11.10",
      "resolved": "https://registry.npmjs.org/process/-/process-0.11.10.tgz",
      "integrity": "sha1-czIwDoQBYb2j5podHZGn1LwW8YI=",
      "engines": {
        "node": ">= 0.6.0"
      }
    }
  },
  "dependencies": {
    "@datastructures-js/binary-search-tree": {
      "version": "4.3.1",
      "resolved": "https://registry.npmjs.org/@datastructures-js/binary-search-tree/-/binary-search-tree-4.3.1.tgz",
      "integrity": "sha512-YmxFM5zBz3E9vCnXUidDgOgUaWNqYBqjJp9EkAc3dInpNcq5qutVfJJxI3P4RDUl9DV6wzADN7shqIA1YQI93g=="
    },
    "@datastructures-js/heap": {
      "version": "3.2.0",
      "resolved": "https://registry.npmjs.org/@datastructures-js/heap/-/heap-3.2.0.tgz",
      "integrity": "sha512-FcU5ZAyb+VIOZz1HABsJUsbJi2ZyUDO7aoe97hq4d3tK3z8nMgwdxf5bO0gafR0ExFi18YTspntqHLzt4XOgnA=="
    },
    "@datastructures-js/priority-queue": {
      "version": "5.3.0",
      "resolved": "https://registry.npmjs.org/@datastructures-js/priority-queue/-/priority-queue-5.3.0.tgz",
      "integrity": "sha512-0Dl0UooE9Uzz85qBP46HTjQHS5GN7NMNluN5/nMfxQAndG/1eNBJpBntLGT5QJarvMO3poLNBJzA3S4GPajp+w==",
      "requires": {
        "@datastructures-js/heap": "^3.2.0"
      }
    },
    "object-hash": {
      "version": "2.2.0",
      "resolved": "https://registry.npmjs.org/object-hash/-/object-hash-2.2.0.tgz",
      "integrity": "sha512-gScRMn0bS5fH+IuwyIFgnh9zBdo4DV+6GhygmWM9HyNJSgS0hScp1f5vjtm7oIIOiT9trXrShAkLFSc2IqKNgw=="
    },
    "process": {
      "version": "0.11.10",
      "resolved": "https://registry.npmjs.org/process/-/process-0.11.10.tgz",
      "integrity": "sha1-czIwDoQBYb2j5podHZGn1LwW8YI="
    }
  }
}
