
Microsoft Visual Studio Solution File, Format Version 12.00
# Visual Studio Version 16
VisualStudioVersion = 16.0.30114.105
MinimumVisualStudioVersion = 10.0.40219.1
Project("{FAE04EC0-301F-11D3-BF4B-00C04F79EFBC}") = "app", "app\app.csproj", "{AF46FFB8-271B-4990-8D9F-848DE3E2EDBF}"
EndProject
Global
	GlobalSection(SolutionConfigurationPlatforms) = preSolution
		Debug|Any CPU = Debug|Any CPU
		Release|Any CPU = Release|Any CPU
	EndGlobalSection
	GlobalSection(SolutionProperties) = preSolution
		HideSolutionNode = FALSE
	EndGlobalSection
	GlobalSection(ProjectConfigurationPlatforms) = postSolution
		{AF46FFB8-271B-4990-8D9F-848DE3E2EDBF}.Debug|Any CPU.ActiveCfg = Debug|Any CPU
		{AF46FFB8-271B-4990-8D9F-848DE3E2EDBF}.Debug|Any CPU.Build.0 = Debug|Any CPU
		{AF46FFB8-271B-4990-8D9F-848DE3E2EDBF}.Release|Any CPU.ActiveCfg = Release|Any CPU
		{AF46FFB8-271B-4990-8D9F-848DE3E2EDBF}.Release|Any CPU.Build.0 = Release|Any CPU
	EndGlobalSection
EndGlobal
