
Microsoft Visual Studio Solution File, Format Version 12.00
# Visual Studio Version 16
VisualStudioVersion = 16.0.30114.105
MinimumVisualStudioVersion = 10.0.40219.1
Project("{FAE04EC0-301F-11D3-BF4B-00C04F79EFBC}") = "app", "app\app.csproj", "{306C76E5-8A8C-42B9-9934-E8162AF3612E}"
EndProject
Global
	GlobalSection(SolutionConfigurationPlatforms) = preSolution
		Debug|Any CPU = Debug|Any CPU
		Release|Any CPU = Release|Any CPU
	EndGlobalSection
	GlobalSection(SolutionProperties) = preSolution
		HideSolutionNode = FALSE
	EndGlobalSection
	GlobalSection(ProjectConfigurationPlatforms) = postSolution
		{306C76E5-8A8C-42B9-9934-E8162AF3612E}.Debug|Any CPU.ActiveCfg = Debug|Any CPU
		{306C76E5-8A8C-42B9-9934-E8162AF3612E}.Debug|Any CPU.Build.0 = Debug|Any CPU
		{306C76E5-8A8C-42B9-9934-E8162AF3612E}.Release|Any CPU.ActiveCfg = Release|Any CPU
		{306C76E5-8A8C-42B9-9934-E8162AF3612E}.Release|Any CPU.Build.0 = Release|Any CPU
	EndGlobalSection
EndGlobal
